// !$*UTF8*$!
{
	archiveVersion = 1;
	classes = {
	};
	objectVersion = 46;
	objects = {

/* Begin PBXFileReference section */
		B1BF3F9E13DB727C00A13CC1 /* activity.info */ = {isa = PBXFileReference; fileEncoding = 4; lastKnownFileType = text; path = activity.info; sourceTree = "<group>"; };
		B1BF3F9F13DB727C00A13CC1 /* activity.svg */ = {isa = PBXFileReference; fileEncoding = 4; lastKnownFileType = text.xml; path = activity.svg; sourceTree = "<group>"; };
		B1BF3FA013DB727C00A13CC1 /* activity.py */ = {isa = PBXFileReference; fileEncoding = 4; lastKnownFileType = text.script.python; path = activity.py; sourceTree = "<group>"; };
		B1BF3FA213DB727C00A13CC1 /* deepspace.jpg */ = {isa = PBXFileReference; lastKnownFileType = image.jpeg; path = deepspace.jpg; sourceTree = "<group>"; };
		B1BF3FA313DB727C00A13CC1 /* enemy.svg */ = {isa = PBXFileReference; fileEncoding = 4; lastKnownFileType = text.xml; path = enemy.svg; sourceTree = "<group>"; };
		B1BF3FA413DB727C00A13CC1 /* friendly_laser.svg */ = {isa = PBXFileReference; fileEncoding = 4; lastKnownFileType = text.xml; path = friendly_laser.svg; sourceTree = "<group>"; };
		B1BF3FA513DB727C00A13CC1 /* highlaser.wav */ = {isa = PBXFileReference; lastKnownFileType = audio.wav; path = highlaser.wav; sourceTree = "<group>"; };
		B1BF3FA613DB727C00A13CC1 /* lit_laser_blue.svg */ = {isa = PBXFileReference; fileEncoding = 4; lastKnownFileType = text.xml; path = lit_laser_blue.svg; sourceTree = "<group>"; };
		B1BF3FA713DB727C00A13CC1 /* lit_laser_green.svg */ = {isa = PBXFileReference; fileEncoding = 4; lastKnownFileType = text.xml; path = lit_laser_green.svg; sourceTree = "<group>"; };
		B1BF3FA813DB727C00A13CC1 /* lit_laser_red.svg */ = {isa = PBXFileReference; fileEncoding = 4; lastKnownFileType = text.xml; path = lit_laser_red.svg; sourceTree = "<group>"; };
		B1BF3FA913DB727C00A13CC1 /* lowlaser.wav */ = {isa = PBXFileReference; lastKnownFileType = audio.wav; path = lowlaser.wav; sourceTree = "<group>"; };
		B1BF3FAA13DB727C00A13CC1 /* midlaser.wav */ = {isa = PBXFileReference; lastKnownFileType = audio.wav; path = midlaser.wav; sourceTree = "<group>"; };
		B1BF3FAB13DB727C00A13CC1 /* numenemy.svg */ = {isa = PBXFileReference; fileEncoding = 4; lastKnownFileType = text.xml; path = numenemy.svg; sourceTree = "<group>"; };
		B1BF3FAC13DB727C00A13CC1 /* spacesmall.jpg */ = {isa = PBXFileReference; lastKnownFileType = image.jpeg; path = spacesmall.jpg; sourceTree = "<group>"; };
		B1BF3FAD13DB727C00A13CC1 /* spacesmall.png */ = {isa = PBXFileReference; lastKnownFileType = image.png; path = spacesmall.png; sourceTree = "<group>"; };
		B1BF3FAE13DB727C00A13CC1 /* ufo.svg */ = {isa = PBXFileReference; fileEncoding = 4; lastKnownFileType = text.xml; path = ufo.svg; sourceTree = "<group>"; };
		B1BF3FAF13DB727C00A13CC1 /* egen.py */ = {isa = PBXFileReference; fileEncoding = 4; lastKnownFileType = text.script.python; path = egen.py; sourceTree = "<group>"; };
		B1BF3FB013DB727C00A13CC1 /* gamemanager.py */ = {isa = PBXFileReference; fileEncoding = 4; lastKnownFileType = text.script.python; path = gamemanager.py; sourceTree = "<group>"; };
		B1BF3FB213DB727C00A13CC1 /* __init__.py */ = {isa = PBXFileReference; fileEncoding = 4; lastKnownFileType = text.script.python; path = __init__.py; sourceTree = "<group>"; };
		B1BF3FB313DB727C00A13CC1 /* __init__.pyc */ = {isa = PBXFileReference; lastKnownFileType = file; path = __init__.pyc; sourceTree = "<group>"; };
		B1BF3FB413DB727C00A13CC1 /* _cairoimage.py */ = {isa = PBXFileReference; fileEncoding = 4; lastKnownFileType = text.script.python; path = _cairoimage.py; sourceTree = "<group>"; };
		B1BF3FB513DB727C00A13CC1 /* _gtkmain.py */ = {isa = PBXFileReference; fileEncoding = 4; lastKnownFileType = text.script.python; path = _gtkmain.py; sourceTree = "<group>"; };
		B1BF3FB613DB727C00A13CC1 /* _version.py */ = {isa = PBXFileReference; fileEncoding = 4; lastKnownFileType = text.script.python; path = _version.py; sourceTree = "<group>"; };
		B1BF3FB713DB727C00A13CC1 /* _version.pyc */ = {isa = PBXFileReference; lastKnownFileType = file; path = _version.pyc; sourceTree = "<group>"; };
		B1BF3FB813DB727C00A13CC1 /* activity.py */ = {isa = PBXFileReference; fileEncoding = 4; lastKnownFileType = text.script.python; path = activity.py; sourceTree = "<group>"; };
		B1BF3FB913DB727C00A13CC1 /* activity.pyc */ = {isa = PBXFileReference; lastKnownFileType = file; path = activity.pyc; sourceTree = "<group>"; };
		B1BF3FBA13DB727C00A13CC1 /* buildmanifest.py */ = {isa = PBXFileReference; fileEncoding = 4; lastKnownFileType = text.script.python; path = buildmanifest.py; sourceTree = "<group>"; };
		B1BF3FBB13DB727C00A13CC1 /* camera.py */ = {isa = PBXFileReference; fileEncoding = 4; lastKnownFileType = text.script.python; path = camera.py; sourceTree = "<group>"; };
		B1BF3FBC13DB727C00A13CC1 /* canvas.py */ = {isa = PBXFileReference; fileEncoding = 4; lastKnownFileType = text.script.python; path = canvas.py; sourceTree = "<group>"; };
		B1BF3FBD13DB727D00A13CC1 /* COPYING */ = {isa = PBXFileReference; fileEncoding = 4; lastKnownFileType = text; path = COPYING; sourceTree = "<group>"; };
		B1BF3FBF13DB727D00A13CC1 /* __init__.py */ = {isa = PBXFileReference; fileEncoding = 4; lastKnownFileType = text.script.python; path = __init__.py; sourceTree = "<group>"; };
		B1BF3FC013DB727D00A13CC1 /* sleeping_svg.py */ = {isa = PBXFileReference; fileEncoding = 4; lastKnownFileType = text.script.python; path = sleeping_svg.py; sourceTree = "<group>"; };
		B1BF3FC113DB727D00A13CC1 /* dbusproxy.py */ = {isa = PBXFileReference; fileEncoding = 4; lastKnownFileType = text.script.python; path = dbusproxy.py; sourceTree = "<group>"; };
		B1BF3FC213DB727D00A13CC1 /* eventwrap.py */ = {isa = PBXFileReference; fileEncoding = 4; lastKnownFileType = text.script.python; path = eventwrap.py; sourceTree = "<group>"; };
		B1BF3FC313DB727D00A13CC1 /* gtkEvent.py */ = {isa = PBXFileReference; fileEncoding = 4; lastKnownFileType = text.script.python; path = gtkEvent.py; sourceTree = "<group>"; };
		B1BF3FC413DB727D00A13CC1 /* mesh.py */ = {isa = PBXFileReference; fileEncoding = 4; lastKnownFileType = text.script.python; path = mesh.py; sourceTree = "<group>"; };
		B1BF3FC513DB727D00A13CC1 /* pangofont.py */ = {isa = PBXFileReference; fileEncoding = 4; lastKnownFileType = text.script.python; path = pangofont.py; sourceTree = "<group>"; };
		B1BF3FC613DB727D00A13CC1 /* pausescreen.py */ = {isa = PBXFileReference; fileEncoding = 4; lastKnownFileType = text.script.python; path = pausescreen.py; sourceTree = "<group>"; };
		B1BF3FC713DB727D00A13CC1 /* svgsprite.py */ = {isa = PBXFileReference; fileEncoding = 4; lastKnownFileType = text.script.python; path = svgsprite.py; sourceTree = "<group>"; };
		B1BF3FC813DB727D00A13CC1 /* textsprite.py */ = {isa = PBXFileReference; fileEncoding = 4; lastKnownFileType = text.script.python; path = textsprite.py; sourceTree = "<group>"; };
		B1BF3FC913DB727D00A13CC1 /* util.py */ = {isa = PBXFileReference; fileEncoding = 4; lastKnownFileType = text.script.python; path = util.py; sourceTree = "<group>"; };
		B1BF3FCA13DB727D00A13CC1 /* video.py */ = {isa = PBXFileReference; fileEncoding = 4; lastKnownFileType = text.script.python; path = video.py; sourceTree = "<group>"; };
		B1BF3FCB13DB727D00A13CC1 /* printer.py */ = {isa = PBXFileReference; fileEncoding = 4; lastKnownFileType = text.script.python; path = printer.py; sourceTree = "<group>"; };
		B1BF3FCD13DB727D00A13CC1 /* __init__.py */ = {isa = PBXFileReference; fileEncoding = 4; lastKnownFileType = text.script.python; path = __init__.py; sourceTree = "<group>"; };
		B1BF3FCF13DB727D00A13CC1 /* __init__.py */ = {isa = PBXFileReference; fileEncoding = 4; lastKnownFileType = text.script.python; path = __init__.py; sourceTree = "<group>"; };
		B1BF3FD013DB727D00A13CC1 /* fracabove1.py */ = {isa = PBXFileReference; fileEncoding = 4; lastKnownFileType = text.script.python; path = fracabove1.py; sourceTree = "<group>"; };
		B1BF3FD113DB727D00A13CC1 /* fracbelow1.py */ = {isa = PBXFileReference; fileEncoding = 4; lastKnownFileType = text.script.python; path = fracbelow1.py; sourceTree = "<group>"; };
		B1BF3FD213DB727D00A13CC1 /* multiplesof10.py */ = {isa = PBXFileReference; fileEncoding = 4; lastKnownFileType = text.script.python; path = multiplesof10.py; sourceTree = "<group>"; };
		B1BF3FD313DB727D00A13CC1 /* noregroup100.py */ = {isa = PBXFileReference; fileEncoding = 4; lastKnownFileType = text.script.python; path = noregroup100.py; sourceTree = "<group>"; };
		B1BF3FD413DB727D00A13CC1 /* noregroup1000.py */ = {isa = PBXFileReference; fileEncoding = 4; lastKnownFileType = text.script.python; path = noregroup1000.py; sourceTree = "<group>"; };
		B1BF3FD513DB727D00A13CC1 /* regroup100.py */ = {isa = PBXFileReference; fileEncoding = 4; lastKnownFileType = text.script.python; path = regroup100.py; sourceTree = "<group>"; };
		B1BF3FD613DB727D00A13CC1 /* regroup1000.py */ = {isa = PBXFileReference; fileEncoding = 4; lastKnownFileType = text.script.python; path = regroup1000.py; sourceTree = "<group>"; };
		B1BF3FD713DB727D00A13CC1 /* term20multiplesof10.py */ = {isa = PBXFileReference; fileEncoding = 4; lastKnownFileType = text.script.python; path = term20multiplesof10.py; sourceTree = "<group>"; };
		B1BF3FD813DB727D00A13CC1 /* upto10.py */ = {isa = PBXFileReference; fileEncoding = 4; lastKnownFileType = text.script.python; path = upto10.py; sourceTree = "<group>"; };
		B1BF3FD913DB727D00A13CC1 /* upto18.py */ = {isa = PBXFileReference; fileEncoding = 4; lastKnownFileType = text.script.python; path = upto18.py; sourceTree = "<group>"; };
		B1BF3FDA13DB727D00A13CC1 /* upto20.py */ = {isa = PBXFileReference; fileEncoding = 4; lastKnownFileType = text.script.python; path = upto20.py; sourceTree = "<group>"; };
		B1BF3FDC13DB727D00A13CC1 /* addition.fracabove1.shelve.db */ = {isa = PBXFileReference; lastKnownFileType = file; path = addition.fracabove1.shelve.db; sourceTree = "<group>"; };
		B1BF3FDD13DB727D00A13CC1 /* addition.fracbelow1.shelve.db */ = {isa = PBXFileReference; lastKnownFileType = file; path = addition.fracbelow1.shelve.db; sourceTree = "<group>"; };
		B1BF3FDE13DB727D00A13CC1 /* addition.multiplesof10.shelve.db */ = {isa = PBXFileReference; lastKnownFileType = file; path = addition.multiplesof10.shelve.db; sourceTree = "<group>"; };
		B1BF3FDF13DB727D00A13CC1 /* addition.noregroup100.shelve.db */ = {isa = PBXFileReference; lastKnownFileType = file; path = addition.noregroup100.shelve.db; sourceTree = "<group>"; };
		B1BF3FE013DB727D00A13CC1 /* addition.noregroup1000.shelve.db */ = {isa = PBXFileReference; lastKnownFileType = file; path = addition.noregroup1000.shelve.db; sourceTree = "<group>"; };
		B1BF3FE113DB727D00A13CC1 /* addition.regroup100.shelve.db */ = {isa = PBXFileReference; lastKnownFileType = file; path = addition.regroup100.shelve.db; sourceTree = "<group>"; };
		B1BF3FE213DB727D00A13CC1 /* addition.regroup1000.shelve.db */ = {isa = PBXFileReference; lastKnownFileType = file; path = addition.regroup1000.shelve.db; sourceTree = "<group>"; };
		B1BF3FE313DB727D00A13CC1 /* addition.term20multiplesof10.shelve.db */ = {isa = PBXFileReference; lastKnownFileType = file; path = addition.term20multiplesof10.shelve.db; sourceTree = "<group>"; };
		B1BF3FE413DB727D00A13CC1 /* addition.upto10.shelve.db */ = {isa = PBXFileReference; lastKnownFileType = file; path = addition.upto10.shelve.db; sourceTree = "<group>"; };
		B1BF3FE513DB727D00A13CC1 /* addition.upto18.shelve.db */ = {isa = PBXFileReference; lastKnownFileType = file; path = addition.upto18.shelve.db; sourceTree = "<group>"; };
		B1BF3FE613DB727D00A13CC1 /* addition.upto20.shelve.db */ = {isa = PBXFileReference; lastKnownFileType = file; path = addition.upto20.shelve.db; sourceTree = "<group>"; };
		B1BF3FE713DB727D00A13CC1 /* division.longdivision.shelve.db */ = {isa = PBXFileReference; lastKnownFileType = file; path = division.longdivision.shelve.db; sourceTree = "<group>"; };
		B1BF3FE813DB727D00A13CC1 /* division.shortdivision.shelve.db */ = {isa = PBXFileReference; lastKnownFileType = file; path = division.shortdivision.shelve.db; sourceTree = "<group>"; };
		B1BF3FE913DB727D00A13CC1 /* division.upto5.shelve.db */ = {isa = PBXFileReference; lastKnownFileType = file; path = division.upto5.shelve.db; sourceTree = "<group>"; };
		B1BF3FEA13DB727D00A13CC1 /* multiplication.fractions.shelve.db */ = {isa = PBXFileReference; lastKnownFileType = file; path = multiplication.fractions.shelve.db; sourceTree = "<group>"; };
		B1BF3FEB13DB727D00A13CC1 /* multiplication.upto1000.shelve.db */ = {isa = PBXFileReference; lastKnownFileType = file; path = multiplication.upto1000.shelve.db; sourceTree = "<group>"; };
		B1BF3FEC13DB727D00A13CC1 /* multiplication.upto18.shelve.db */ = {isa = PBXFileReference; lastKnownFileType = file; path = multiplication.upto18.shelve.db; sourceTree = "<group>"; };
		B1BF3FED13DB727D00A13CC1 /* multiplication.upto36.shelve.db */ = {isa = PBXFileReference; lastKnownFileType = file; path = multiplication.upto36.shelve.db; sourceTree = "<group>"; };
		B1BF3FEE13DB727D00A13CC1 /* multiplication.upto72.shelve.db */ = {isa = PBXFileReference; lastKnownFileType = file; path = multiplication.upto72.shelve.db; sourceTree = "<group>"; };
		B1BF3FEF13DB727D00A13CC1 /* subtraction.fracabove1.shelve.db */ = {isa = PBXFileReference; lastKnownFileType = file; path = subtraction.fracabove1.shelve.db; sourceTree = "<group>"; };
		B1BF3FF013DB727D00A13CC1 /* subtraction.fracbelow1.shelve.db */ = {isa = PBXFileReference; lastKnownFileType = file; path = subtraction.fracbelow1.shelve.db; sourceTree = "<group>"; };
		B1BF3FF113DB727D00A13CC1 /* subtraction.multipleof5.shelve.db */ = {isa = PBXFileReference; lastKnownFileType = file; path = subtraction.multipleof5.shelve.db; sourceTree = "<group>"; };
		B1BF3FF213DB727D00A13CC1 /* subtraction.noregroup100.shelve.db */ = {isa = PBXFileReference; lastKnownFileType = file; path = subtraction.noregroup100.shelve.db; sourceTree = "<group>"; };
		B1BF3FF313DB727D00A13CC1 /* subtraction.noregroup1000.shelve.db */ = {isa = PBXFileReference; lastKnownFileType = file; path = subtraction.noregroup1000.shelve.db; sourceTree = "<group>"; };
		B1BF3FF413DB727D00A13CC1 /* subtraction.regroup100.shelve.db */ = {isa = PBXFileReference; lastKnownFileType = file; path = subtraction.regroup100.shelve.db; sourceTree = "<group>"; };
		B1BF3FF513DB727D00A13CC1 /* subtraction.regroup1000.shelve.db */ = {isa = PBXFileReference; lastKnownFileType = file; path = subtraction.regroup1000.shelve.db; sourceTree = "<group>"; };
		B1BF3FF613DB727D00A13CC1 /* subtraction.upto10.shelve.db */ = {isa = PBXFileReference; lastKnownFileType = file; path = subtraction.upto10.shelve.db; sourceTree = "<group>"; };
		B1BF3FF713DB727D00A13CC1 /* subtraction.upto18.shelve.db */ = {isa = PBXFileReference; lastKnownFileType = file; path = subtraction.upto18.shelve.db; sourceTree = "<group>"; };
		B1BF3FF813DB727D00A13CC1 /* subtraction.upto20.shelve.db */ = {isa = PBXFileReference; lastKnownFileType = file; path = subtraction.upto20.shelve.db; sourceTree = "<group>"; };
		B1BF3FF913DB727D00A13CC1 /* subtraction.upto20multipleof5.shelve.db */ = {isa = PBXFileReference; lastKnownFileType = file; path = subtraction.upto20multipleof5.shelve.db; sourceTree = "<group>"; };
		B1BF3FFB13DB727D00A13CC1 /* __init__.py */ = {isa = PBXFileReference; fileEncoding = 4; lastKnownFileType = text.script.python; path = __init__.py; sourceTree = "<group>"; };
		B1BF3FFC13DB727D00A13CC1 /* longdivision.py */ = {isa = PBXFileReference; fileEncoding = 4; lastKnownFileType = text.script.python; path = longdivision.py; sourceTree = "<group>"; };
		B1BF3FFD13DB727D00A13CC1 /* shortdivision.py */ = {isa = PBXFileReference; fileEncoding = 4; lastKnownFileType = text.script.python; path = shortdivision.py; sourceTree = "<group>"; };
		B1BF3FFE13DB727D00A13CC1 /* upto5.py */ = {isa = PBXFileReference; fileEncoding = 4; lastKnownFileType = text.script.python; path = upto5.py; sourceTree = "<group>"; };
		B1BF3FFF13DB727D00A13CC1 /* generate.py */ = {isa = PBXFileReference; fileEncoding = 4; lastKnownFileType = text.script.python; path = generate.py; sourceTree = "<group>"; };
		B1BF400013DB727D00A13CC1 /* getquestion.py */ = {isa = PBXFileReference; fileEncoding = 4; lastKnownFileType = text.script.python; path = getquestion.py; sourceTree = "<group>"; };
		B1BF400213DB727D00A13CC1 /* __init__.py */ = {isa = PBXFileReference; fileEncoding = 4; lastKnownFileType = text.script.python; path = __init__.py; sourceTree = "<group>"; };
		B1BF400313DB727D00A13CC1 /* fractions.py */ = {isa = PBXFileReference; fileEncoding = 4; lastKnownFileType = text.script.python; path = fractions.py; sourceTree = "<group>"; };
		B1BF400413DB727D00A13CC1 /* upto1000.py */ = {isa = PBXFileReference; fileEncoding = 4; lastKnownFileType = text.script.python; path = upto1000.py; sourceTree = "<group>"; };
		B1BF400513DB727D00A13CC1 /* upto18.py */ = {isa = PBXFileReference; fileEncoding = 4; lastKnownFileType = text.script.python; path = upto18.py; sourceTree = "<group>"; };
		B1BF400613DB727D00A13CC1 /* upto36.py */ = {isa = PBXFileReference; fileEncoding = 4; lastKnownFileType = text.script.python; path = upto36.py; sourceTree = "<group>"; };
		B1BF400713DB727D00A13CC1 /* upto72.py */ = {isa = PBXFileReference; fileEncoding = 4; lastKnownFileType = text.script.python; path = upto72.py; sourceTree = "<group>"; };
		B1BF400913DB727D00A13CC1 /* __init__.py */ = {isa = PBXFileReference; fileEncoding = 4; lastKnownFileType = text.script.python; path = __init__.py; sourceTree = "<group>"; };
		B1BF400A13DB727D00A13CC1 /* fracabove1.py */ = {isa = PBXFileReference; fileEncoding = 4; lastKnownFileType = text.script.python; path = fracabove1.py; sourceTree = "<group>"; };
		B1BF400B13DB727D00A13CC1 /* fracbelow1.py */ = {isa = PBXFileReference; fileEncoding = 4; lastKnownFileType = text.script.python; path = fracbelow1.py; sourceTree = "<group>"; };
		B1BF400C13DB727D00A13CC1 /* multipleof5.py */ = {isa = PBXFileReference; fileEncoding = 4; lastKnownFileType = text.script.python; path = multipleof5.py; sourceTree = "<group>"; };
		B1BF400D13DB727D00A13CC1 /* noregroup100.py */ = {isa = PBXFileReference; fileEncoding = 4; lastKnownFileType = text.script.python; path = noregroup100.py; sourceTree = "<group>"; };
		B1BF400E13DB727D00A13CC1 /* noregroup1000.py */ = {isa = PBXFileReference; fileEncoding = 4; lastKnownFileType = text.script.python; path = noregroup1000.py; sourceTree = "<group>"; };
		B1BF400F13DB727D00A13CC1 /* regroup100.py */ = {isa = PBXFileReference; fileEncoding = 4; lastKnownFileType = text.script.python; path = regroup100.py; sourceTree = "<group>"; };
		B1BF401013DB727D00A13CC1 /* regroup1000.py */ = {isa = PBXFileReference; fileEncoding = 4; lastKnownFileType = text.script.python; path = regroup1000.py; sourceTree = "<group>"; };
		B1BF401113DB727D00A13CC1 /* upto10.py */ = {isa = PBXFileReference; fileEncoding = 4; lastKnownFileType = text.script.python; path = upto10.py; sourceTree = "<group>"; };
		B1BF401213DB727D00A13CC1 /* upto18.py */ = {isa = PBXFileReference; fileEncoding = 4; lastKnownFileType = text.script.python; path = upto18.py; sourceTree = "<group>"; };
		B1BF401313DB727D00A13CC1 /* upto20.py */ = {isa = PBXFileReference; fileEncoding = 4; lastKnownFileType = text.script.python; path = upto20.py; sourceTree = "<group>"; };
		B1BF401413DB727D00A13CC1 /* upto20multipleof5.py */ = {isa = PBXFileReference; fileEncoding = 4; lastKnownFileType = text.script.python; path = upto20multipleof5.py; sourceTree = "<group>"; };
		B1BF401513DB727D00A13CC1 /* template.py */ = {isa = PBXFileReference; fileEncoding = 4; lastKnownFileType = text.script.python; path = template.py; sourceTree = "<group>"; };
		B1BF401613DB727D00A13CC1 /* README.mkd */ = {isa = PBXFileReference; fileEncoding = 4; lastKnownFileType = text; path = README.mkd; sourceTree = "<group>"; };
		B1BF401713DB727D00A13CC1 /* run.py */ = {isa = PBXFileReference; fileEncoding = 4; lastKnownFileType = text.script.python; path = run.py; sourceTree = "<group>"; };
		B1BF401813DB727D00A13CC1 /* setup.py */ = {isa = PBXFileReference; fileEncoding = 4; lastKnownFileType = text.script.python; path = setup.py; sourceTree = "<group>"; };
		B1BF401913DB727D00A13CC1 /* sprites.py */ = {isa = PBXFileReference; fileEncoding = 4; lastKnownFileType = text.script.python; path = sprites.py; sourceTree = "<group>"; };
/* End PBXFileReference section */

/* Begin PBXGroup section */
		B1A2397F13DB703200EE910B = {
			isa = PBXGroup;
			children = (
				B1BF3F9D13DB727C00A13CC1 /* activity */,
				B1BF3FA013DB727C00A13CC1 /* activity.py */,
				B1BF3FA113DB727C00A13CC1 /* data */,
				B1BF3FAF13DB727C00A13CC1 /* egen.py */,
				B1BF3FB013DB727C00A13CC1 /* gamemanager.py */,
				B1BF3FB113DB727C00A13CC1 /* olpcgames */,
				B1BF3FCB13DB727D00A13CC1 /* printer.py */,
				B1BF3FCC13DB727D00A13CC1 /* questions */,
				B1BF401613DB727D00A13CC1 /* README.mkd */,
				B1BF401713DB727D00A13CC1 /* run.py */,
				B1BF401813DB727D00A13CC1 /* setup.py */,
				B1BF401913DB727D00A13CC1 /* sprites.py */,
			);
			sourceTree = "<group>";
		};
		B1BF3F9D13DB727C00A13CC1 /* activity */ = {
			isa = PBXGroup;
			children = (
				B1BF3F9E13DB727C00A13CC1 /* activity.info */,
				B1BF3F9F13DB727C00A13CC1 /* activity.svg */,
			);
			path = activity;
			sourceTree = "<group>";
		};
		B1BF3FA113DB727C00A13CC1 /* data */ = {
			isa = PBXGroup;
			children = (
				B1BF3FA213DB727C00A13CC1 /* deepspace.jpg */,
				B1BF3FA313DB727C00A13CC1 /* enemy.svg */,
				B1BF3FA413DB727C00A13CC1 /* friendly_laser.svg */,
				B1BF3FA513DB727C00A13CC1 /* highlaser.wav */,
				B1BF3FA613DB727C00A13CC1 /* lit_laser_blue.svg */,
				B1BF3FA713DB727C00A13CC1 /* lit_laser_green.svg */,
				B1BF3FA813DB727C00A13CC1 /* lit_laser_red.svg */,
				B1BF3FA913DB727C00A13CC1 /* lowlaser.wav */,
				B1BF3FAA13DB727C00A13CC1 /* midlaser.wav */,
				B1BF3FAB13DB727C00A13CC1 /* numenemy.svg */,
				B1BF3FAC13DB727C00A13CC1 /* spacesmall.jpg */,
				B1BF3FAD13DB727C00A13CC1 /* spacesmall.png */,
				B1BF3FAE13DB727C00A13CC1 /* ufo.svg */,
			);
			path = data;
			sourceTree = "<group>";
		};
		B1BF3FB113DB727C00A13CC1 /* olpcgames */ = {
			isa = PBXGroup;
			children = (
				B1BF3FB213DB727C00A13CC1 /* __init__.py */,
				B1BF3FB313DB727C00A13CC1 /* __init__.pyc */,
				B1BF3FB413DB727C00A13CC1 /* _cairoimage.py */,
				B1BF3FB513DB727C00A13CC1 /* _gtkmain.py */,
				B1BF3FB613DB727C00A13CC1 /* _version.py */,
				B1BF3FB713DB727C00A13CC1 /* _version.pyc */,
				B1BF3FB813DB727C00A13CC1 /* activity.py */,
				B1BF3FB913DB727C00A13CC1 /* activity.pyc */,
				B1BF3FBA13DB727C00A13CC1 /* buildmanifest.py */,
				B1BF3FBB13DB727C00A13CC1 /* camera.py */,
				B1BF3FBC13DB727C00A13CC1 /* canvas.py */,
				B1BF3FBD13DB727D00A13CC1 /* COPYING */,
				B1BF3FBE13DB727D00A13CC1 /* data */,
				B1BF3FC113DB727D00A13CC1 /* dbusproxy.py */,
				B1BF3FC213DB727D00A13CC1 /* eventwrap.py */,
				B1BF3FC313DB727D00A13CC1 /* gtkEvent.py */,
				B1BF3FC413DB727D00A13CC1 /* mesh.py */,
				B1BF3FC513DB727D00A13CC1 /* pangofont.py */,
				B1BF3FC613DB727D00A13CC1 /* pausescreen.py */,
				B1BF3FC713DB727D00A13CC1 /* svgsprite.py */,
				B1BF3FC813DB727D00A13CC1 /* textsprite.py */,
				B1BF3FC913DB727D00A13CC1 /* util.py */,
				B1BF3FCA13DB727D00A13CC1 /* video.py */,
			);
			path = olpcgames;
			sourceTree = "<group>";
		};
		B1BF3FBE13DB727D00A13CC1 /* data */ = {
			isa = PBXGroup;
			children = (
				B1BF3FBF13DB727D00A13CC1 /* __init__.py */,
				B1BF3FC013DB727D00A13CC1 /* sleeping_svg.py */,
			);
			path = data;
			sourceTree = "<group>";
		};
		B1BF3FCC13DB727D00A13CC1 /* questions */ = {
			isa = PBXGroup;
			children = (
				B1BF3FCD13DB727D00A13CC1 /* __init__.py */,
				B1BF3FCE13DB727D00A13CC1 /* addition */,
				B1BF3FDB13DB727D00A13CC1 /* databases */,
				B1BF3FFA13DB727D00A13CC1 /* division */,
				B1BF3FFF13DB727D00A13CC1 /* generate.py */,
				B1BF400013DB727D00A13CC1 /* getquestion.py */,
				B1BF400113DB727D00A13CC1 /* multiplication */,
				B1BF400813DB727D00A13CC1 /* subtraction */,
				B1BF401513DB727D00A13CC1 /* template.py */,
			);
			path = questions;
			sourceTree = "<group>";
		};
		B1BF3FCE13DB727D00A13CC1 /* addition */ = {
			isa = PBXGroup;
			children = (
				B1BF3FCF13DB727D00A13CC1 /* __init__.py */,
				B1BF3FD013DB727D00A13CC1 /* fracabove1.py */,
				B1BF3FD113DB727D00A13CC1 /* fracbelow1.py */,
				B1BF3FD213DB727D00A13CC1 /* multiplesof10.py */,
				B1BF3FD313DB727D00A13CC1 /* noregroup100.py */,
				B1BF3FD413DB727D00A13CC1 /* noregroup1000.py */,
				B1BF3FD513DB727D00A13CC1 /* regroup100.py */,
				B1BF3FD613DB727D00A13CC1 /* regroup1000.py */,
				B1BF3FD713DB727D00A13CC1 /* term20multiplesof10.py */,
				B1BF3FD813DB727D00A13CC1 /* upto10.py */,
				B1BF3FD913DB727D00A13CC1 /* upto18.py */,
				B1BF3FDA13DB727D00A13CC1 /* upto20.py */,
			);
			path = addition;
			sourceTree = "<group>";
		};
		B1BF3FDB13DB727D00A13CC1 /* databases */ = {
			isa = PBXGroup;
			children = (
				B1BF3FDC13DB727D00A13CC1 /* addition.fracabove1.shelve.db */,
				B1BF3FDD13DB727D00A13CC1 /* addition.fracbelow1.shelve.db */,
				B1BF3FDE13DB727D00A13CC1 /* addition.multiplesof10.shelve.db */,
				B1BF3FDF13DB727D00A13CC1 /* addition.noregroup100.shelve.db */,
				B1BF3FE013DB727D00A13CC1 /* addition.noregroup1000.shelve.db */,
				B1BF3FE113DB727D00A13CC1 /* addition.regroup100.shelve.db */,
				B1BF3FE213DB727D00A13CC1 /* addition.regroup1000.shelve.db */,
				B1BF3FE313DB727D00A13CC1 /* addition.term20multiplesof10.shelve.db */,
				B1BF3FE413DB727D00A13CC1 /* addition.upto10.shelve.db */,
				B1BF3FE513DB727D00A13CC1 /* addition.upto18.shelve.db */,
				B1BF3FE613DB727D00A13CC1 /* addition.upto20.shelve.db */,
				B1BF3FE713DB727D00A13CC1 /* division.longdivision.shelve.db */,
				B1BF3FE813DB727D00A13CC1 /* division.shortdivision.shelve.db */,
				B1BF3FE913DB727D00A13CC1 /* division.upto5.shelve.db */,
				B1BF3FEA13DB727D00A13CC1 /* multiplication.fractions.shelve.db */,
				B1BF3FEB13DB727D00A13CC1 /* multiplication.upto1000.shelve.db */,
				B1BF3FEC13DB727D00A13CC1 /* multiplication.upto18.shelve.db */,
				B1BF3FED13DB727D00A13CC1 /* multiplication.upto36.shelve.db */,
				B1BF3FEE13DB727D00A13CC1 /* multiplication.upto72.shelve.db */,
				B1BF3FEF13DB727D00A13CC1 /* subtraction.fracabove1.shelve.db */,
				B1BF3FF013DB727D00A13CC1 /* subtraction.fracbelow1.shelve.db */,
				B1BF3FF113DB727D00A13CC1 /* subtraction.multipleof5.shelve.db */,
				B1BF3FF213DB727D00A13CC1 /* subtraction.noregroup100.shelve.db */,
				B1BF3FF313DB727D00A13CC1 /* subtraction.noregroup1000.shelve.db */,
				B1BF3FF413DB727D00A13CC1 /* subtraction.regroup100.shelve.db */,
				B1BF3FF513DB727D00A13CC1 /* subtraction.regroup1000.shelve.db */,
				B1BF3FF613DB727D00A13CC1 /* subtraction.upto10.shelve.db */,
				B1BF3FF713DB727D00A13CC1 /* subtraction.upto18.shelve.db */,
				B1BF3FF813DB727D00A13CC1 /* subtraction.upto20.shelve.db */,
				B1BF3FF913DB727D00A13CC1 /* subtraction.upto20multipleof5.shelve.db */,
			);
			path = databases;
			sourceTree = "<group>";
		};
		B1BF3FFA13DB727D00A13CC1 /* division */ = {
			isa = PBXGroup;
			children = (
				B1BF3FFB13DB727D00A13CC1 /* __init__.py */,
				B1BF3FFC13DB727D00A13CC1 /* longdivision.py */,
				B1BF3FFD13DB727D00A13CC1 /* shortdivision.py */,
				B1BF3FFE13DB727D00A13CC1 /* upto5.py */,
			);
			path = division;
			sourceTree = "<group>";
		};
		B1BF400113DB727D00A13CC1 /* multiplication */ = {
			isa = PBXGroup;
			children = (
				B1BF400213DB727D00A13CC1 /* __init__.py */,
				B1BF400313DB727D00A13CC1 /* fractions.py */,
				B1BF400413DB727D00A13CC1 /* upto1000.py */,
				B1BF400513DB727D00A13CC1 /* upto18.py */,
				B1BF400613DB727D00A13CC1 /* upto36.py */,
				B1BF400713DB727D00A13CC1 /* upto72.py */,
			);
			path = multiplication;
			sourceTree = "<group>";
		};
		B1BF400813DB727D00A13CC1 /* subtraction */ = {
			isa = PBXGroup;
			children = (
				B1BF400913DB727D00A13CC1 /* __init__.py */,
				B1BF400A13DB727D00A13CC1 /* fracabove1.py */,
				B1BF400B13DB727D00A13CC1 /* fracbelow1.py */,
				B1BF400C13DB727D00A13CC1 /* multipleof5.py */,
				B1BF400D13DB727D00A13CC1 /* noregroup100.py */,
				B1BF400E13DB727D00A13CC1 /* noregroup1000.py */,
				B1BF400F13DB727D00A13CC1 /* regroup100.py */,
				B1BF401013DB727D00A13CC1 /* regroup1000.py */,
				B1BF401113DB727D00A13CC1 /* upto10.py */,
				B1BF401213DB727D00A13CC1 /* upto18.py */,
				B1BF401313DB727D00A13CC1 /* upto20.py */,
				B1BF401413DB727D00A13CC1 /* upto20multipleof5.py */,
			);
			path = subtraction;
			sourceTree = "<group>";
		};
/* End PBXGroup section */

/* Begin PBXLegacyTarget section */
		B1A2398613DB703200EE910B /* Python */ = {
			isa = PBXLegacyTarget;
			buildArgumentsString = "$(ACTION)";
			buildConfigurationList = B1A2398913DB703200EE910B /* Build configuration list for PBXLegacyTarget "Python" */;
			buildPhases = (
			);
			buildToolPath = /usr/bin/python;
			buildWorkingDirectory = "";
			dependencies = (
			);
			name = Python;
			passBuildSettingsInEnvironment = 1;
			productName = Python;
		};
/* End PBXLegacyTarget section */

/* Begin PBXProject section */
		B1A2398113DB703200EE910B /* Project object */ = {
			isa = PBXProject;
			buildConfigurationList = B1A2398413DB703200EE910B /* Build configuration list for PBXProject "Python" */;
			compatibilityVersion = "Xcode 3.2";
			developmentRegion = English;
			hasScannedForEncodings = 0;
			knownRegions = (
				en,
			);
			mainGroup = B1A2397F13DB703200EE910B;
			projectDirPath = "";
			projectRoot = "";
			targets = (
				B1A2398613DB703200EE910B /* Python */,
			);
		};
/* End PBXProject section */

/* Begin XCBuildConfiguration section */
		B1A2398713DB703200EE910B /* Debug */ = {
			isa = XCBuildConfiguration;
			buildSettings = {
				ALWAYS_SEARCH_USER_PATHS = NO;
				ARCHS = "$(ARCHS_STANDARD_64_BIT)";
				COPY_PHASE_STRIP = NO;
				GCC_C_LANGUAGE_STANDARD = gnu99;
				GCC_DYNAMIC_NO_PIC = NO;
				GCC_ENABLE_OBJC_EXCEPTIONS = YES;
				GCC_OPTIMIZATION_LEVEL = 0;
				GCC_PREPROCESSOR_DEFINITIONS = (
					"DEBUG=1",
					"$(inherited)",
				);
				GCC_SYMBOLS_PRIVATE_EXTERN = NO;
				GCC_VERSION = com.apple.compilers.llvm.clang.1_0;
				GCC_WARN_64_TO_32_BIT_CONVERSION = YES;
				GCC_WARN_ABOUT_MISSING_PROTOTYPES = YES;
				GCC_WARN_ABOUT_RETURN_TYPE = YES;
				GCC_WARN_UNUSED_VARIABLE = YES;
				MACOSX_DEPLOYMENT_TARGET = 10.7;
				ONLY_ACTIVE_ARCH = YES;
				SDKROOT = macosx;
			};
			name = Debug;
		};
		B1A2398813DB703200EE910B /* Release */ = {
			isa = XCBuildConfiguration;
			buildSettings = {
				ALWAYS_SEARCH_USER_PATHS = NO;
				ARCHS = "$(ARCHS_STANDARD_64_BIT)";
				COPY_PHASE_STRIP = YES;
				DEBUG_INFORMATION_FORMAT = "dwarf-with-dsym";
				GCC_C_LANGUAGE_STANDARD = gnu99;
				GCC_ENABLE_OBJC_EXCEPTIONS = YES;
				GCC_VERSION = com.apple.compilers.llvm.clang.1_0;
				GCC_WARN_64_TO_32_BIT_CONVERSION = YES;
				GCC_WARN_ABOUT_MISSING_PROTOTYPES = YES;
				GCC_WARN_ABOUT_RETURN_TYPE = YES;
				GCC_WARN_UNUSED_VARIABLE = YES;
				MACOSX_DEPLOYMENT_TARGET = 10.7;
				SDKROOT = macosx;
			};
			name = Release;
		};
		B1A2398A13DB703200EE910B /* Debug */ = {
			isa = XCBuildConfiguration;
			buildSettings = {
				DEBUGGING_SYMBOLS = YES;
				GCC_GENERATE_DEBUGGING_SYMBOLS = YES;
				GCC_OPTIMIZATION_LEVEL = 0;
				OTHER_CFLAGS = "";
				OTHER_LDFLAGS = "";
				PRODUCT_NAME = "$(TARGET_NAME)";
			};
			name = Debug;
		};
		B1A2398B13DB703200EE910B /* Release */ = {
			isa = XCBuildConfiguration;
			buildSettings = {
				OTHER_CFLAGS = "";
				OTHER_LDFLAGS = "";
				PRODUCT_NAME = "$(TARGET_NAME)";
			};
			name = Release;
		};
/* End XCBuildConfiguration section */

/* Begin XCConfigurationList section */
		B1A2398413DB703200EE910B /* Build configuration list for PBXProject "Python" */ = {
			isa = XCConfigurationList;
			buildConfigurations = (
				B1A2398713DB703200EE910B /* Debug */,
				B1A2398813DB703200EE910B /* Release */,
			);
			defaultConfigurationIsVisible = 0;
			defaultConfigurationName = Release;
		};
		B1A2398913DB703200EE910B /* Build configuration list for PBXLegacyTarget "Python" */ = {
			isa = XCConfigurationList;
			buildConfigurations = (
				B1A2398A13DB703200EE910B /* Debug */,
				B1A2398B13DB703200EE910B /* Release */,
			);
			defaultConfigurationIsVisible = 0;
			defaultConfigurationName = Release;
		};
/* End XCConfigurationList section */
	};
	rootObject = B1A2398113DB703200EE910B /* Project object */;
}
